
Microsoft Visual Studio Solution File, Format Version 12.00
# Visual Studio Version 16
VisualStudioVersion = 16.0.29609.76
MinimumVisualStudioVersion = 10.0.40219.1
Project("{2150E333-8FDC-42A3-9474-1A3956D46DE8}") = "Services", "Services", "{213EE8DF-13DA-47D8-AA30-F16A9F4A4C2C}"
EndProject
Project("{2150E333-8FDC-42A3-9474-1A3956D46DE8}") = "WebApps", "WebApps", "{13472494-F332-4727-9346-A3CF352BE53D}"
EndProject
Project("{2150E333-8FDC-42A3-9474-1A3956D46DE8}") = "Cadastros", "Cadastros", "{43B0F449-B31C-4CFC-BB9E-12CC014BC10A}"
EndProject
Project("{2150E333-8FDC-42A3-9474-1A3956D46DE8}") = "Catalogo", "Catalogo", "{75A59E06-B8EB-4672-BABF-C7B5A80A0A6F}"
EndProject
Project("{2150E333-8FDC-42A3-9474-1A3956D46DE8}") = "Core", "Core", "{0BDCFF0B-8353-4754-A663-6A8BD3FFFD1E}"
EndProject
Project("{2150E333-8FDC-42A3-9474-1A3956D46DE8}") = "Fiscal", "Fiscal", "{A397723D-A05A-48E0-A244-7104F574B967}"
EndProject
Project("{2150E333-8FDC-42A3-9474-1A3956D46DE8}") = "Pagamentos", "Pagamentos", "{745C7C20-6192-46E9-82EC-12B46FCCD832}"
EndProject
Project("{2150E333-8FDC-42A3-9474-1A3956D46DE8}") = "Vendas", "Vendas", "{FB646713-E397-4712-B909-C133E65681AF}"
EndProject
Project("{9A19103F-16F7-4668-BE54-9A1E7A4F7556}") = "TestStore.Catalogo.Domain", "src\TestStore.Catalogo.Domain\TestStore.Catalogo.Domain.csproj", "{ED182083-E5A6-4E8E-B9E8-55A5BFF5DBED}"
EndProject
Project("{9A19103F-16F7-4668-BE54-9A1E7A4F7556}") = "TestStore.Core", "src\TestStore.Core\TestStore.Core.csproj", "{34C4AC54-AB5A-46FD-B4F5-7569DF95B055}"
EndProject
Project("{2150E333-8FDC-42A3-9474-1A3956D46DE8}") = "Tests", "Tests", "{A06BB7FB-2A8A-4043-8723-C90AFFB7736A}"
EndProject
Project("{9A19103F-16F7-4668-BE54-9A1E7A4F7556}") = "TestStore.Catalogo.Domain.Tests", "tests\TestStore.Catalogo.Domain.Tests\TestStore.Catalogo.Domain.Tests.csproj", "{475C9D22-2DA0-4539-BF63-C661C8F20D62}"
EndProject
Project("{9A19103F-16F7-4668-BE54-9A1E7A4F7556}") = "TestStore.Catalogo.Data", "TestStore.Catalogo.Data\TestStore.Catalogo.Data.csproj", "{03095E16-0820-4053-80A6-B636C808AB44}"
EndProject
Project("{9A19103F-16F7-4668-BE54-9A1E7A4F7556}") = "TestStore.Catalogo.Application", "src\TestStore.Catalogo.Application\TestStore.Catalogo.Application.csproj", "{44B5CCA2-76E2-4D5F-9CBC-8605D07CCCC0}"
EndProject
Project("{9A19103F-16F7-4668-BE54-9A1E7A4F7556}") = "TestStore.WebApp.MVC", "src\TestStore.WebApp.MVC\TestStore.WebApp.MVC\TestStore.WebApp.MVC.csproj", "{E9CB8F2F-25F0-4550-A27A-913E52F4A182}"
EndProject
Project("{9A19103F-16F7-4668-BE54-9A1E7A4F7556}") = "TestStore.Vendas.Domain", "TestStore.Vendas.Domain\TestStore.Vendas.Domain.csproj", "{E4C2D2B2-0902-45F7-B1DF-3BC3FF4F0266}"
EndProject
Project("{9A19103F-16F7-4668-BE54-9A1E7A4F7556}") = "TestStore.Vendas.Application", "TestStore.Vendas.Application\TestStore.Vendas.Application.csproj", "{A4F8EBA5-59E7-4C91-96E4-85137F5538AD}"
EndProject
Project("{9A19103F-16F7-4668-BE54-9A1E7A4F7556}") = "TestStore.Vendas.Infrastructure", "TestStore.Vendas.Infrastructure\TestStore.Vendas.Infrastructure.csproj", "{85C5CE28-1BE5-4EBD-8673-70D7F0080953}"
EndProject
Project("{FAE04EC0-301F-11D3-BF4B-00C04F79EFBC}") = "TestStore.Pagamentos.AntiCorruption", "src\TestStore.Pagamentos.AntiCorruption\TestStore.Pagamentos.AntiCorruption.csproj", "{DAE90B53-9EE2-464D-9ED9-70DFC8E0CA3D}"
EndProject
Project("{FAE04EC0-301F-11D3-BF4B-00C04F79EFBC}") = "TestStore.Pagamentos.Business", "src\TestStore.Pagamentos.Business\TestStore.Pagamentos.Business.csproj", "{D5314459-2878-4EA0-8F4D-055C9C5F4F75}"
EndProject
Project("{FAE04EC0-301F-11D3-BF4B-00C04F79EFBC}") = "TestStore.Pagamentos.Data", "src\TestStore.Pagamentos.Data\TestStore.Pagamentos.Data.csproj", "{5355AC38-EE46-4FCA-AF8F-0202B1935436}"
EndProject
Project("{2150E333-8FDC-42A3-9474-1A3956D46DE8}") = "BuildingBlocks", "BuildingBlocks", "{8CC9A85D-1C47-45A1-BEDC-A5E0F5A672DC}"
EndProject
Project("{FAE04EC0-301F-11D3-BF4B-00C04F79EFBC}") = "EventSourcing", "src\EventSourcing\EventSourcing.csproj", "{B33D08F7-F8B2-47D7-8F1A-F2D2728A7B7A}"
EndProject
Global
	GlobalSection(SolutionConfigurationPlatforms) = preSolution
		Debug|Any CPU = Debug|Any CPU
		Release|Any CPU = Release|Any CPU
	EndGlobalSection
	GlobalSection(ProjectConfigurationPlatforms) = postSolution
		{ED182083-E5A6-4E8E-B9E8-55A5BFF5DBED}.Debug|Any CPU.ActiveCfg = Debug|Any CPU
		{ED182083-E5A6-4E8E-B9E8-55A5BFF5DBED}.Debug|Any CPU.Build.0 = Debug|Any CPU
		{ED182083-E5A6-4E8E-B9E8-55A5BFF5DBED}.Release|Any CPU.ActiveCfg = Release|Any CPU
		{ED182083-E5A6-4E8E-B9E8-55A5BFF5DBED}.Release|Any CPU.Build.0 = Release|Any CPU
		{34C4AC54-AB5A-46FD-B4F5-7569DF95B055}.Debug|Any CPU.ActiveCfg = Debug|Any CPU
		{34C4AC54-AB5A-46FD-B4F5-7569DF95B055}.Debug|Any CPU.Build.0 = Debug|Any CPU
		{34C4AC54-AB5A-46FD-B4F5-7569DF95B055}.Release|Any CPU.ActiveCfg = Release|Any CPU
		{34C4AC54-AB5A-46FD-B4F5-7569DF95B055}.Release|Any CPU.Build.0 = Release|Any CPU
		{475C9D22-2DA0-4539-BF63-C661C8F20D62}.Debug|Any CPU.ActiveCfg = Debug|Any CPU
		{475C9D22-2DA0-4539-BF63-C661C8F20D62}.Debug|Any CPU.Build.0 = Debug|Any CPU
		{475C9D22-2DA0-4539-BF63-C661C8F20D62}.Release|Any CPU.ActiveCfg = Release|Any CPU
		{475C9D22-2DA0-4539-BF63-C661C8F20D62}.Release|Any CPU.Build.0 = Release|Any CPU
		{03095E16-0820-4053-80A6-B636C808AB44}.Debug|Any CPU.ActiveCfg = Debug|Any CPU
		{03095E16-0820-4053-80A6-B636C808AB44}.Debug|Any CPU.Build.0 = Debug|Any CPU
		{03095E16-0820-4053-80A6-B636C808AB44}.Release|Any CPU.ActiveCfg = Release|Any CPU
		{03095E16-0820-4053-80A6-B636C808AB44}.Release|Any CPU.Build.0 = Release|Any CPU
		{44B5CCA2-76E2-4D5F-9CBC-8605D07CCCC0}.Debug|Any CPU.ActiveCfg = Debug|Any CPU
		{44B5CCA2-76E2-4D5F-9CBC-8605D07CCCC0}.Debug|Any CPU.Build.0 = Debug|Any CPU
		{44B5CCA2-76E2-4D5F-9CBC-8605D07CCCC0}.Release|Any CPU.ActiveCfg = Release|Any CPU
		{44B5CCA2-76E2-4D5F-9CBC-8605D07CCCC0}.Release|Any CPU.Build.0 = Release|Any CPU
		{E9CB8F2F-25F0-4550-A27A-913E52F4A182}.Debug|Any CPU.ActiveCfg = Debug|Any CPU
		{E9CB8F2F-25F0-4550-A27A-913E52F4A182}.Debug|Any CPU.Build.0 = Debug|Any CPU
		{E9CB8F2F-25F0-4550-A27A-913E52F4A182}.Release|Any CPU.ActiveCfg = Release|Any CPU
		{E9CB8F2F-25F0-4550-A27A-913E52F4A182}.Release|Any CPU.Build.0 = Release|Any CPU
		{E4C2D2B2-0902-45F7-B1DF-3BC3FF4F0266}.Debug|Any CPU.ActiveCfg = Debug|Any CPU
		{E4C2D2B2-0902-45F7-B1DF-3BC3FF4F0266}.Debug|Any CPU.Build.0 = Debug|Any CPU
		{E4C2D2B2-0902-45F7-B1DF-3BC3FF4F0266}.Release|Any CPU.ActiveCfg = Release|Any CPU
		{E4C2D2B2-0902-45F7-B1DF-3BC3FF4F0266}.Release|Any CPU.Build.0 = Release|Any CPU
		{A4F8EBA5-59E7-4C91-96E4-85137F5538AD}.Debug|Any CPU.ActiveCfg = Debug|Any CPU
		{A4F8EBA5-59E7-4C91-96E4-85137F5538AD}.Debug|Any CPU.Build.0 = Debug|Any CPU
		{A4F8EBA5-59E7-4C91-96E4-85137F5538AD}.Release|Any CPU.ActiveCfg = Release|Any CPU
		{A4F8EBA5-59E7-4C91-96E4-85137F5538AD}.Release|Any CPU.Build.0 = Release|Any CPU
		{85C5CE28-1BE5-4EBD-8673-70D7F0080953}.Debug|Any CPU.ActiveCfg = Debug|Any CPU
		{85C5CE28-1BE5-4EBD-8673-70D7F0080953}.Debug|Any CPU.Build.0 = Debug|Any CPU
		{85C5CE28-1BE5-4EBD-8673-70D7F0080953}.Release|Any CPU.ActiveCfg = Release|Any CPU
		{85C5CE28-1BE5-4EBD-8673-70D7F0080953}.Release|Any CPU.Build.0 = Release|Any CPU
		{DAE90B53-9EE2-464D-9ED9-70DFC8E0CA3D}.Debug|Any CPU.ActiveCfg = Debug|Any CPU
		{DAE90B53-9EE2-464D-9ED9-70DFC8E0CA3D}.Debug|Any CPU.Build.0 = Debug|Any CPU
		{DAE90B53-9EE2-464D-9ED9-70DFC8E0CA3D}.Release|Any CPU.ActiveCfg = Release|Any CPU
		{DAE90B53-9EE2-464D-9ED9-70DFC8E0CA3D}.Release|Any CPU.Build.0 = Release|Any CPU
		{D5314459-2878-4EA0-8F4D-055C9C5F4F75}.Debug|Any CPU.ActiveCfg = Debug|Any CPU
		{D5314459-2878-4EA0-8F4D-055C9C5F4F75}.Debug|Any CPU.Build.0 = Debug|Any CPU
		{D5314459-2878-4EA0-8F4D-055C9C5F4F75}.Release|Any CPU.ActiveCfg = Release|Any CPU
		{D5314459-2878-4EA0-8F4D-055C9C5F4F75}.Release|Any CPU.Build.0 = Release|Any CPU
		{5355AC38-EE46-4FCA-AF8F-0202B1935436}.Debug|Any CPU.ActiveCfg = Debug|Any CPU
		{5355AC38-EE46-4FCA-AF8F-0202B1935436}.Debug|Any CPU.Build.0 = Debug|Any CPU
		{5355AC38-EE46-4FCA-AF8F-0202B1935436}.Release|Any CPU.ActiveCfg = Release|Any CPU
		{5355AC38-EE46-4FCA-AF8F-0202B1935436}.Release|Any CPU.Build.0 = Release|Any CPU
		{B33D08F7-F8B2-47D7-8F1A-F2D2728A7B7A}.Debug|Any CPU.ActiveCfg = Debug|Any CPU
		{B33D08F7-F8B2-47D7-8F1A-F2D2728A7B7A}.Debug|Any CPU.Build.0 = Debug|Any CPU
		{B33D08F7-F8B2-47D7-8F1A-F2D2728A7B7A}.Release|Any CPU.ActiveCfg = Release|Any CPU
		{B33D08F7-F8B2-47D7-8F1A-F2D2728A7B7A}.Release|Any CPU.Build.0 = Release|Any CPU
	EndGlobalSection
	GlobalSection(SolutionProperties) = preSolution
		HideSolutionNode = FALSE
	EndGlobalSection
	GlobalSection(NestedProjects) = preSolution
		{43B0F449-B31C-4CFC-BB9E-12CC014BC10A} = {213EE8DF-13DA-47D8-AA30-F16A9F4A4C2C}
		{75A59E06-B8EB-4672-BABF-C7B5A80A0A6F} = {213EE8DF-13DA-47D8-AA30-F16A9F4A4C2C}
		{0BDCFF0B-8353-4754-A663-6A8BD3FFFD1E} = {213EE8DF-13DA-47D8-AA30-F16A9F4A4C2C}
		{A397723D-A05A-48E0-A244-7104F574B967} = {213EE8DF-13DA-47D8-AA30-F16A9F4A4C2C}
		{745C7C20-6192-46E9-82EC-12B46FCCD832} = {213EE8DF-13DA-47D8-AA30-F16A9F4A4C2C}
		{FB646713-E397-4712-B909-C133E65681AF} = {213EE8DF-13DA-47D8-AA30-F16A9F4A4C2C}
		{ED182083-E5A6-4E8E-B9E8-55A5BFF5DBED} = {75A59E06-B8EB-4672-BABF-C7B5A80A0A6F}
		{34C4AC54-AB5A-46FD-B4F5-7569DF95B055} = {0BDCFF0B-8353-4754-A663-6A8BD3FFFD1E}
		{A06BB7FB-2A8A-4043-8723-C90AFFB7736A} = {75A59E06-B8EB-4672-BABF-C7B5A80A0A6F}
		{475C9D22-2DA0-4539-BF63-C661C8F20D62} = {A06BB7FB-2A8A-4043-8723-C90AFFB7736A}
		{03095E16-0820-4053-80A6-B636C808AB44} = {75A59E06-B8EB-4672-BABF-C7B5A80A0A6F}
		{44B5CCA2-76E2-4D5F-9CBC-8605D07CCCC0} = {75A59E06-B8EB-4672-BABF-C7B5A80A0A6F}
		{E9CB8F2F-25F0-4550-A27A-913E52F4A182} = {13472494-F332-4727-9346-A3CF352BE53D}
		{E4C2D2B2-0902-45F7-B1DF-3BC3FF4F0266} = {FB646713-E397-4712-B909-C133E65681AF}
		{A4F8EBA5-59E7-4C91-96E4-85137F5538AD} = {FB646713-E397-4712-B909-C133E65681AF}
		{85C5CE28-1BE5-4EBD-8673-70D7F0080953} = {FB646713-E397-4712-B909-C133E65681AF}
		{DAE90B53-9EE2-464D-9ED9-70DFC8E0CA3D} = {745C7C20-6192-46E9-82EC-12B46FCCD832}
		{D5314459-2878-4EA0-8F4D-055C9C5F4F75} = {745C7C20-6192-46E9-82EC-12B46FCCD832}
		{5355AC38-EE46-4FCA-AF8F-0202B1935436} = {745C7C20-6192-46E9-82EC-12B46FCCD832}
		{B33D08F7-F8B2-47D7-8F1A-F2D2728A7B7A} = {8CC9A85D-1C47-45A1-BEDC-A5E0F5A672DC}
	EndGlobalSection
	GlobalSection(ExtensibilityGlobals) = postSolution
		SolutionGuid = {A14B02EA-DC55-4A36-AD75-F9E7EF6D6C32}
	EndGlobalSection
EndGlobal
